
Microsoft Visual Studio Solution File, Format Version 12.00
# Visual Studio Version 17
VisualStudioVersion = 17.8.34330.188
MinimumVisualStudioVersion = 10.0.40219.1
Project("{FAE04EC0-301F-11D3-BF4B-00C04F79EFBC}") = "Figures", "Figures\Figures.csproj", "{02883ED3-DE1F-4BD8-BF98-C3DA0BCFB835}"
EndProject
Project("{FAE04EC0-301F-11D3-BF4B-00C04F79EFBC}") = "FigureTest", "FigureTest\FigureTest.csproj", "{8C426037-47A3-4755-BE31-A5DE56A9406B}"
EndProject
Global
	GlobalSection(SolutionConfigurationPlatforms) = preSolution
		Debug|Any CPU = Debug|Any CPU
		Release|Any CPU = Release|Any CPU
	EndGlobalSection
	GlobalSection(ProjectConfigurationPlatforms) = postSolution
		{02883ED3-DE1F-4BD8-BF98-C3DA0BCFB835}.Debug|Any CPU.ActiveCfg = Debug|Any CPU
		{02883ED3-DE1F-4BD8-BF98-C3DA0BCFB835}.Debug|Any CPU.Build.0 = Debug|Any CPU
		{02883ED3-DE1F-4BD8-BF98-C3DA0BCFB835}.Release|Any CPU.ActiveCfg = Release|Any CPU
		{02883ED3-DE1F-4BD8-BF98-C3DA0BCFB835}.Release|Any CPU.Build.0 = Release|Any CPU
		{8C426037-47A3-4755-BE31-A5DE56A9406B}.Debug|Any CPU.ActiveCfg = Debug|Any CPU
		{8C426037-47A3-4755-BE31-A5DE56A9406B}.Debug|Any CPU.Build.0 = Debug|Any CPU
		{8C426037-47A3-4755-BE31-A5DE56A9406B}.Release|Any CPU.ActiveCfg = Release|Any CPU
		{8C426037-47A3-4755-BE31-A5DE56A9406B}.Release|Any CPU.Build.0 = Release|Any CPU
	EndGlobalSection
	GlobalSection(SolutionProperties) = preSolution
		HideSolutionNode = FALSE
	EndGlobalSection
	GlobalSection(ExtensibilityGlobals) = postSolution
		SolutionGuid = {F2BB8D89-2938-4CD5-889A-858C60EAEAB9}
	EndGlobalSection
EndGlobal
